// !$*UTF8*$!
{
	archiveVersion = 1;
	classes = {
	};
	objectVersion = 51;
	objects = {

/* Begin PBXBuildFile section */
		9B01D43BA0476047EE09C930 /* Pods_buntan.framework in Frameworks */ = {isa = PBXBuildFile; fileRef = 0E2FED4ED7A2635244999AC9 /* Pods_buntan.framework */; };
		9F7F135426F7692100AF0543 /* AddTaskViewController.swift in Sources */ = {isa = PBXBuildFile; fileRef = 9F7F135326F7692100AF0543 /* AddTaskViewController.swift */; };
		9F7F135626F83CCF00AF0543 /* SignupViewController.swift in Sources */ = {isa = PBXBuildFile; fileRef = 9F7F135526F83CCF00AF0543 /* SignupViewController.swift */; };
		9F7F135826F83F5700AF0543 /* TabBarController.swift in Sources */ = {isa = PBXBuildFile; fileRef = 9F7F135726F83F5700AF0543 /* TabBarController.swift */; };
		9F7F135A26FB596A00AF0543 /* ProfileViewController.swift in Sources */ = {isa = PBXBuildFile; fileRef = 9F7F135926FB596900AF0543 /* ProfileViewController.swift */; };
		9F7F135C26FFFEE700AF0543 /* HistoryViewController.swift in Sources */ = {isa = PBXBuildFile; fileRef = 9F7F135B26FFFEE700AF0543 /* HistoryViewController.swift */; };
		9F7F1363270007A400AF0543 /* HistoryTableViewCell.swift in Sources */ = {isa = PBXBuildFile; fileRef = 9F7F1361270007A400AF0543 /* HistoryTableViewCell.swift */; };
		9F7F1364270007A400AF0543 /* HistoryTableViewCell.xib in Resources */ = {isa = PBXBuildFile; fileRef = 9F7F1362270007A400AF0543 /* HistoryTableViewCell.xib */; };
		9F8E376426F369FD00084709 /* TaskTableViewCell.swift in Sources */ = {isa = PBXBuildFile; fileRef = 9F8E376226F369FD00084709 /* TaskTableViewCell.swift */; };
		9F8E376526F369FD00084709 /* TaskTableViewCell.xib in Resources */ = {isa = PBXBuildFile; fileRef = 9F8E376326F369FD00084709 /* TaskTableViewCell.xib */; };
		9F8E376726F36F9C00084709 /* GoogleService-Info.plist in Resources */ = {isa = PBXBuildFile; fileRef = 9F8E376626F36F9C00084709 /* GoogleService-Info.plist */; };
		9F8E376926F576FB00084709 /* MenuViewController.swift in Sources */ = {isa = PBXBuildFile; fileRef = 9F8E376826F576FB00084709 /* MenuViewController.swift */; };
		9FB2F7EA26F21961006CDF73 /* MyUINavigationControllerViewController.swift in Sources */ = {isa = PBXBuildFile; fileRef = 9FB2F7E926F21961006CDF73 /* MyUINavigationControllerViewController.swift */; };
		9FEC417426E8E2CC00B55299 /* AppDelegate.swift in Sources */ = {isa = PBXBuildFile; fileRef = 9FEC417326E8E2CC00B55299 /* AppDelegate.swift */; };
		9FEC417626E8E2CC00B55299 /* SceneDelegate.swift in Sources */ = {isa = PBXBuildFile; fileRef = 9FEC417526E8E2CC00B55299 /* SceneDelegate.swift */; };
		9FEC417826E8E2CC00B55299 /* HomeViewController.swift in Sources */ = {isa = PBXBuildFile; fileRef = 9FEC417726E8E2CC00B55299 /* HomeViewController.swift */; };
		9FEC417B26E8E2CC00B55299 /* Main.storyboard in Resources */ = {isa = PBXBuildFile; fileRef = 9FEC417926E8E2CC00B55299 /* Main.storyboard */; };
		9FEC417D26E8E2D000B55299 /* Assets.xcassets in Resources */ = {isa = PBXBuildFile; fileRef = 9FEC417C26E8E2D000B55299 /* Assets.xcassets */; };
		9FEC418026E8E2D000B55299 /* LaunchScreen.storyboard in Resources */ = {isa = PBXBuildFile; fileRef = 9FEC417E26E8E2D000B55299 /* LaunchScreen.storyboard */; };
		9FEC418C26EF5E4100B55299 /* TaskItem.swift in Sources */ = {isa = PBXBuildFile; fileRef = 9FEC418B26EF5E4100B55299 /* TaskItem.swift */; };
		9FEC418F26F0B15D00B55299 /* DashboardTableViewCell.swift in Sources */ = {isa = PBXBuildFile; fileRef = 9FEC418E26F0B15D00B55299 /* DashboardTableViewCell.swift */; };
		9FEC419326F0B35E00B55299 /* DashboardTableViewCell.xib in Resources */ = {isa = PBXBuildFile; fileRef = 9FEC419226F0B35E00B55299 /* DashboardTableViewCell.xib */; };
		9FEC419526F0B65B00B55299 /* DashboardViewController.swift in Sources */ = {isa = PBXBuildFile; fileRef = 9FEC419426F0B65B00B55299 /* DashboardViewController.swift */; };
		9FEC419826F0B84900B55299 /* UserInfo.swift in Sources */ = {isa = PBXBuildFile; fileRef = 9FEC419726F0B84800B55299 /* UserInfo.swift */; };
/* End PBXBuildFile section */

/* Begin PBXFileReference section */
		0E2FED4ED7A2635244999AC9 /* Pods_buntan.framework */ = {isa = PBXFileReference; explicitFileType = wrapper.framework; includeInIndex = 0; path = Pods_buntan.framework; sourceTree = BUILT_PRODUCTS_DIR; };
		204CB05096C6FB6120184E08 /* Pods-buntan.release.xcconfig */ = {isa = PBXFileReference; includeInIndex = 1; lastKnownFileType = text.xcconfig; name = "Pods-buntan.release.xcconfig"; path = "Target Support Files/Pods-buntan/Pods-buntan.release.xcconfig"; sourceTree = "<group>"; };
		9F7F135326F7692100AF0543 /* AddTaskViewController.swift */ = {isa = PBXFileReference; lastKnownFileType = sourcecode.swift; path = AddTaskViewController.swift; sourceTree = "<group>"; };
		9F7F135526F83CCF00AF0543 /* SignupViewController.swift */ = {isa = PBXFileReference; lastKnownFileType = sourcecode.swift; path = SignupViewController.swift; sourceTree = "<group>"; };
		9F7F135726F83F5700AF0543 /* TabBarController.swift */ = {isa = PBXFileReference; lastKnownFileType = sourcecode.swift; name = TabBarController.swift; path = buntan/Controller/TabBarController.swift; sourceTree = SOURCE_ROOT; };
		9F7F135926FB596900AF0543 /* ProfileViewController.swift */ = {isa = PBXFileReference; lastKnownFileType = sourcecode.swift; path = ProfileViewController.swift; sourceTree = "<group>"; };
		9F7F135B26FFFEE700AF0543 /* HistoryViewController.swift */ = {isa = PBXFileReference; lastKnownFileType = sourcecode.swift; path = HistoryViewController.swift; sourceTree = "<group>"; };
		9F7F1361270007A400AF0543 /* HistoryTableViewCell.swift */ = {isa = PBXFileReference; lastKnownFileType = sourcecode.swift; path = HistoryTableViewCell.swift; sourceTree = "<group>"; };
		9F7F1362270007A400AF0543 /* HistoryTableViewCell.xib */ = {isa = PBXFileReference; lastKnownFileType = file.xib; path = HistoryTableViewCell.xib; sourceTree = "<group>"; };
		9F8E376226F369FD00084709 /* TaskTableViewCell.swift */ = {isa = PBXFileReference; lastKnownFileType = sourcecode.swift; path = TaskTableViewCell.swift; sourceTree = "<group>"; };
		9F8E376326F369FD00084709 /* TaskTableViewCell.xib */ = {isa = PBXFileReference; lastKnownFileType = file.xib; path = TaskTableViewCell.xib; sourceTree = "<group>"; };
		9F8E376626F36F9C00084709 /* GoogleService-Info.plist */ = {isa = PBXFileReference; fileEncoding = 4; lastKnownFileType = text.plist.xml; name = "GoogleService-Info.plist"; path = "../../../../Downloads/GoogleService-Info.plist"; sourceTree = "<group>"; };
		9F8E376826F576FB00084709 /* MenuViewController.swift */ = {isa = PBXFileReference; lastKnownFileType = sourcecode.swift; path = MenuViewController.swift; sourceTree = "<group>"; };
		9FB2F7E926F21961006CDF73 /* MyUINavigationControllerViewController.swift */ = {isa = PBXFileReference; lastKnownFileType = sourcecode.swift; path = MyUINavigationControllerViewController.swift; sourceTree = "<group>"; };
		9FEC417026E8E2CC00B55299 /* buntan.app */ = {isa = PBXFileReference; explicitFileType = wrapper.application; includeInIndex = 0; path = buntan.app; sourceTree = BUILT_PRODUCTS_DIR; };
		9FEC417326E8E2CC00B55299 /* AppDelegate.swift */ = {isa = PBXFileReference; lastKnownFileType = sourcecode.swift; path = AppDelegate.swift; sourceTree = "<group>"; };
		9FEC417526E8E2CC00B55299 /* SceneDelegate.swift */ = {isa = PBXFileReference; lastKnownFileType = sourcecode.swift; path = SceneDelegate.swift; sourceTree = "<group>"; };
		9FEC417726E8E2CC00B55299 /* HomeViewController.swift */ = {isa = PBXFileReference; lastKnownFileType = sourcecode.swift; path = HomeViewController.swift; sourceTree = "<group>"; };
		9FEC417A26E8E2CC00B55299 /* Base */ = {isa = PBXFileReference; lastKnownFileType = file.storyboard; name = Base; path = Base.lproj/Main.storyboard; sourceTree = "<group>"; };
		9FEC417C26E8E2D000B55299 /* Assets.xcassets */ = {isa = PBXFileReference; lastKnownFileType = folder.assetcatalog; path = Assets.xcassets; sourceTree = "<group>"; };
		9FEC417F26E8E2D000B55299 /* Base */ = {isa = PBXFileReference; lastKnownFileType = file.storyboard; name = Base; path = Base.lproj/LaunchScreen.storyboard; sourceTree = "<group>"; };
		9FEC418126E8E2D000B55299 /* Info.plist */ = {isa = PBXFileReference; lastKnownFileType = text.plist.xml; path = Info.plist; sourceTree = "<group>"; };
		9FEC418B26EF5E4100B55299 /* TaskItem.swift */ = {isa = PBXFileReference; lastKnownFileType = sourcecode.swift; path = TaskItem.swift; sourceTree = "<group>"; };
		9FEC418E26F0B15D00B55299 /* DashboardTableViewCell.swift */ = {isa = PBXFileReference; lastKnownFileType = sourcecode.swift; path = DashboardTableViewCell.swift; sourceTree = "<group>"; };
		9FEC419226F0B35E00B55299 /* DashboardTableViewCell.xib */ = {isa = PBXFileReference; lastKnownFileType = file.xib; path = DashboardTableViewCell.xib; sourceTree = "<group>"; };
		9FEC419426F0B65B00B55299 /* DashboardViewController.swift */ = {isa = PBXFileReference; lastKnownFileType = sourcecode.swift; path = DashboardViewController.swift; sourceTree = "<group>"; };
		9FEC419726F0B84800B55299 /* UserInfo.swift */ = {isa = PBXFileReference; lastKnownFileType = sourcecode.swift; path = UserInfo.swift; sourceTree = "<group>"; };
		DF870C7356CAFC3777A38F9F /* Pods-buntan.debug.xcconfig */ = {isa = PBXFileReference; includeInIndex = 1; lastKnownFileType = text.xcconfig; name = "Pods-buntan.debug.xcconfig"; path = "Target Support Files/Pods-buntan/Pods-buntan.debug.xcconfig"; sourceTree = "<group>"; };
/* End PBXFileReference section */

/* Begin PBXFrameworksBuildPhase section */
		9FEC416D26E8E2CC00B55299 /* Frameworks */ = {
			isa = PBXFrameworksBuildPhase;
			buildActionMask = 2147483647;
			files = (
				9B01D43BA0476047EE09C930 /* Pods_buntan.framework in Frameworks */,
			);
			runOnlyForDeploymentPostprocessing = 0;
		};
/* End PBXFrameworksBuildPhase section */

/* Begin PBXGroup section */
		1021102835AC627E5C6AEB3E /* Frameworks */ = {
			isa = PBXGroup;
			children = (
				0E2FED4ED7A2635244999AC9 /* Pods_buntan.framework */,
			);
			name = Frameworks;
			sourceTree = "<group>";
		};
		9FEC416726E8E2CB00B55299 = {
			isa = PBXGroup;
			children = (
				9FEC417226E8E2CC00B55299 /* buntan */,
				9FEC417126E8E2CC00B55299 /* Products */,
				A6CD8567C968D8EF79B08B73 /* Pods */,
				1021102835AC627E5C6AEB3E /* Frameworks */,
			);
			sourceTree = "<group>";
		};
		9FEC417126E8E2CC00B55299 /* Products */ = {
			isa = PBXGroup;
			children = (
				9FEC417026E8E2CC00B55299 /* buntan.app */,
			);
			name = Products;
			sourceTree = "<group>";
		};
		9FEC417226E8E2CC00B55299 /* buntan */ = {
			isa = PBXGroup;
			children = (
				9F8E376626F36F9C00084709 /* GoogleService-Info.plist */,
				9FEC419626F0B80B00B55299 /* Contents */,
				9FEC418D26F0B12200B55299 /* View */,
				9FEC418826E8EE6700B55299 /* Model */,
				9FEC418726E8EE5900B55299 /* Controller */,
				9FEC417326E8E2CC00B55299 /* AppDelegate.swift */,
				9FEC417526E8E2CC00B55299 /* SceneDelegate.swift */,
				9FEC417926E8E2CC00B55299 /* Main.storyboard */,
				9FEC417C26E8E2D000B55299 /* Assets.xcassets */,
				9FEC417E26E8E2D000B55299 /* LaunchScreen.storyboard */,
				9FEC418126E8E2D000B55299 /* Info.plist */,
			);
			path = buntan;
			sourceTree = "<group>";
		};
		9FEC418726E8EE5900B55299 /* Controller */ = {
			isa = PBXGroup;
			children = (
				9FEC417726E8E2CC00B55299 /* HomeViewController.swift */,
				9FEC419426F0B65B00B55299 /* DashboardViewController.swift */,
				9F8E376826F576FB00084709 /* MenuViewController.swift */,
				9F7F135326F7692100AF0543 /* AddTaskViewController.swift */,
				9F7F135526F83CCF00AF0543 /* SignupViewController.swift */,
				9F7F135926FB596900AF0543 /* ProfileViewController.swift */,
				9F7F135B26FFFEE700AF0543 /* HistoryViewController.swift */,
			);
			path = Controller;
			sourceTree = "<group>";
		};
		9FEC418826E8EE6700B55299 /* Model */ = {
			isa = PBXGroup;
			children = (
				9FEC418B26EF5E4100B55299 /* TaskItem.swift */,
			);
			path = Model;
			sourceTree = "<group>";
		};
		9FEC418D26F0B12200B55299 /* View */ = {
			isa = PBXGroup;
			children = (
				9FEC418E26F0B15D00B55299 /* DashboardTableViewCell.swift */,
				9FEC419226F0B35E00B55299 /* DashboardTableViewCell.xib */,
				9F8E376226F369FD00084709 /* TaskTableViewCell.swift */,
				9F8E376326F369FD00084709 /* TaskTableViewCell.xib */,
				9F7F1361270007A400AF0543 /* HistoryTableViewCell.swift */,
				9F7F1362270007A400AF0543 /* HistoryTableViewCell.xib */,
			);
			path = View;
			sourceTree = "<group>";
		};
		9FEC419626F0B80B00B55299 /* Contents */ = {
			isa = PBXGroup;
			children = (
				9F7F135726F83F5700AF0543 /* TabBarController.swift */,
				9FEC419726F0B84800B55299 /* UserInfo.swift */,
				9FB2F7E926F21961006CDF73 /* MyUINavigationControllerViewController.swift */,
			);
			path = Contents;
			sourceTree = "<group>";
		};
		A6CD8567C968D8EF79B08B73 /* Pods */ = {
			isa = PBXGroup;
			children = (
				DF870C7356CAFC3777A38F9F /* Pods-buntan.debug.xcconfig */,
				204CB05096C6FB6120184E08 /* Pods-buntan.release.xcconfig */,
			);
			path = Pods;
			sourceTree = "<group>";
		};
/* End PBXGroup section */

/* Begin PBXNativeTarget section */
		9FEC416F26E8E2CC00B55299 /* buntan */ = {
			isa = PBXNativeTarget;
			buildConfigurationList = 9FEC418426E8E2D000B55299 /* Build configuration list for PBXNativeTarget "buntan" */;
			buildPhases = (
				0680D69DDD963637514C8D18 /* [CP] Check Pods Manifest.lock */,
				9FEC416C26E8E2CC00B55299 /* Sources */,
				9FEC416D26E8E2CC00B55299 /* Frameworks */,
				9FEC416E26E8E2CC00B55299 /* Resources */,
				213254C2F87F5E349650009E /* [CP] Embed Pods Frameworks */,
			);
			buildRules = (
			);
			dependencies = (
			);
			name = buntan;
			productName = buntan;
			productReference = 9FEC417026E8E2CC00B55299 /* buntan.app */;
			productType = "com.apple.product-type.application";
		};
/* End PBXNativeTarget section */

/* Begin PBXProject section */
		9FEC416826E8E2CB00B55299 /* Project object */ = {
			isa = PBXProject;
			attributes = {
				LastSwiftUpdateCheck = 1250;
				LastUpgradeCheck = 1250;
				TargetAttributes = {
					9FEC416F26E8E2CC00B55299 = {
						CreatedOnToolsVersion = 12.5.1;
					};
				};
			};
			buildConfigurationList = 9FEC416B26E8E2CB00B55299 /* Build configuration list for PBXProject "buntan" */;
			compatibilityVersion = "Xcode 9.3";
			developmentRegion = en;
			hasScannedForEncodings = 0;
			knownRegions = (
				en,
				Base,
			);
			mainGroup = 9FEC416726E8E2CB00B55299;
			productRefGroup = 9FEC417126E8E2CC00B55299 /* Products */;
			projectDirPath = "";
			projectRoot = "";
			targets = (
				9FEC416F26E8E2CC00B55299 /* buntan */,
			);
		};
/* End PBXProject section */

/* Begin PBXResourcesBuildPhase section */
		9FEC416E26E8E2CC00B55299 /* Resources */ = {
			isa = PBXResourcesBuildPhase;
			buildActionMask = 2147483647;
			files = (
				9FEC418026E8E2D000B55299 /* LaunchScreen.storyboard in Resources */,
				9FEC417D26E8E2D000B55299 /* Assets.xcassets in Resources */,
				9F8E376526F369FD00084709 /* TaskTableViewCell.xib in Resources */,
				9FEC417B26E8E2CC00B55299 /* Main.storyboard in Resources */,
				9FEC419326F0B35E00B55299 /* DashboardTableViewCell.xib in Resources */,
				9F7F1364270007A400AF0543 /* HistoryTableViewCell.xib in Resources */,
				9F8E376726F36F9C00084709 /* GoogleService-Info.plist in Resources */,
			);
			runOnlyForDeploymentPostprocessing = 0;
		};
/* End PBXResourcesBuildPhase section */

/* Begin PBXShellScriptBuildPhase section */
		0680D69DDD963637514C8D18 /* [CP] Check Pods Manifest.lock */ = {
			isa = PBXShellScriptBuildPhase;
			buildActionMask = 2147483647;
			files = (
			);
			inputFileListPaths = (
			);
			inputPaths = (
				"${PODS_PODFILE_DIR_PATH}/Podfile.lock",
				"${PODS_ROOT}/Manifest.lock",
			);
			name = "[CP] Check Pods Manifest.lock";
			outputFileListPaths = (
			);
			outputPaths = (
				"$(DERIVED_FILE_DIR)/Pods-buntan-checkManifestLockResult.txt",
			);
			runOnlyForDeploymentPostprocessing = 0;
			shellPath = /bin/sh;
			shellScript = "diff \"${PODS_PODFILE_DIR_PATH}/Podfile.lock\" \"${PODS_ROOT}/Manifest.lock\" > /dev/null\nif [ $? != 0 ] ; then\n    # print error to STDERR\n    echo \"error: The sandbox is not in sync with the Podfile.lock. Run 'pod install' or update your CocoaPods installation.\" >&2\n    exit 1\nfi\n# This output is used by Xcode 'outputs' to avoid re-running this script phase.\necho \"SUCCESS\" > \"${SCRIPT_OUTPUT_FILE_0}\"\n";
			showEnvVarsInLog = 0;
		};
		213254C2F87F5E349650009E /* [CP] Embed Pods Frameworks */ = {
			isa = PBXShellScriptBuildPhase;
			buildActionMask = 2147483647;
			files = (
			);
			inputFileListPaths = (
				"${PODS_ROOT}/Target Support Files/Pods-buntan/Pods-buntan-frameworks-${CONFIGURATION}-input-files.xcfilelist",
			);
			name = "[CP] Embed Pods Frameworks";
			outputFileListPaths = (
				"${PODS_ROOT}/Target Support Files/Pods-buntan/Pods-buntan-frameworks-${CONFIGURATION}-output-files.xcfilelist",
			);
			runOnlyForDeploymentPostprocessing = 0;
			shellPath = /bin/sh;
			shellScript = "\"${PODS_ROOT}/Target Support Files/Pods-buntan/Pods-buntan-frameworks.sh\"\n";
			showEnvVarsInLog = 0;
		};
/* End PBXShellScriptBuildPhase section */

/* Begin PBXSourcesBuildPhase section */
		9FEC416C26E8E2CC00B55299 /* Sources */ = {
			isa = PBXSourcesBuildPhase;
			buildActionMask = 2147483647;
			files = (
				9FEC419526F0B65B00B55299 /* DashboardViewController.swift in Sources */,
				9F7F135826F83F5700AF0543 /* TabBarController.swift in Sources */,
				9F7F135426F7692100AF0543 /* AddTaskViewController.swift in Sources */,
				9F8E376926F576FB00084709 /* MenuViewController.swift in Sources */,
				9F7F135C26FFFEE700AF0543 /* HistoryViewController.swift in Sources */,
				9F7F135A26FB596A00AF0543 /* ProfileViewController.swift in Sources */,
				9FEC418F26F0B15D00B55299 /* DashboardTableViewCell.swift in Sources */,
				9FEC418C26EF5E4100B55299 /* TaskItem.swift in Sources */,
				9FEC419826F0B84900B55299 /* UserInfo.swift in Sources */,
				9F7F135626F83CCF00AF0543 /* SignupViewController.swift in Sources */,
				9F7F1363270007A400AF0543 /* HistoryTableViewCell.swift in Sources */,
				9FEC417826E8E2CC00B55299 /* HomeViewController.swift in Sources */,
				9FEC417426E8E2CC00B55299 /* AppDelegate.swift in Sources */,
				9FB2F7EA26F21961006CDF73 /* MyUINavigationControllerViewController.swift in Sources */,
				9F8E376426F369FD00084709 /* TaskTableViewCell.swift in Sources */,
				9FEC417626E8E2CC00B55299 /* SceneDelegate.swift in Sources */,
			);
			runOnlyForDeploymentPostprocessing = 0;
		};
/* End PBXSourcesBuildPhase section */

/* Begin PBXVariantGroup section */
		9FEC417926E8E2CC00B55299 /* Main.storyboard */ = {
			isa = PBXVariantGroup;
			children = (
				9FEC417A26E8E2CC00B55299 /* Base */,
			);
			name = Main.storyboard;
			sourceTree = "<group>";
		};
		9FEC417E26E8E2D000B55299 /* LaunchScreen.storyboard */ = {
			isa = PBXVariantGroup;
			children = (
				9FEC417F26E8E2D000B55299 /* Base */,
			);
			name = LaunchScreen.storyboard;
			sourceTree = "<group>";
		};
/* End PBXVariantGroup section */

/* Begin XCBuildConfiguration section */
		9FEC418226E8E2D000B55299 /* Debug */ = {
			isa = XCBuildConfiguration;
			buildSettings = {
				ALWAYS_SEARCH_USER_PATHS = NO;
				CLANG_ANALYZER_NONNULL = YES;
				CLANG_ANALYZER_NUMBER_OBJECT_CONVERSION = YES_AGGRESSIVE;
				CLANG_CXX_LANGUAGE_STANDARD = "gnu++14";
				CLANG_CXX_LIBRARY = "libc++";
				CLANG_ENABLE_MODULES = YES;
				CLANG_ENABLE_OBJC_ARC = YES;
				CLANG_ENABLE_OBJC_WEAK = YES;
				CLANG_WARN_BLOCK_CAPTURE_AUTORELEASING = YES;
				CLANG_WARN_BOOL_CONVERSION = YES;
				CLANG_WARN_COMMA = YES;
				CLANG_WARN_CONSTANT_CONVERSION = YES;
				CLANG_WARN_DEPRECATED_OBJC_IMPLEMENTATIONS = YES;
				CLANG_WARN_DIRECT_OBJC_ISA_USAGE = YES_ERROR;
				CLANG_WARN_DOCUMENTATION_COMMENTS = YES;
				CLANG_WARN_EMPTY_BODY = YES;
				CLANG_WARN_ENUM_CONVERSION = YES;
				CLANG_WARN_INFINITE_RECURSION = YES;
				CLANG_WARN_INT_CONVERSION = YES;
				CLANG_WARN_NON_LITERAL_NULL_CONVERSION = YES;
				CLANG_WARN_OBJC_IMPLICIT_RETAIN_SELF = YES;
				CLANG_WARN_OBJC_LITERAL_CONVERSION = YES;
				CLANG_WARN_OBJC_ROOT_CLASS = YES_ERROR;
				CLANG_WARN_QUOTED_INCLUDE_IN_FRAMEWORK_HEADER = YES;
				CLANG_WARN_RANGE_LOOP_ANALYSIS = YES;
				CLANG_WARN_STRICT_PROTOTYPES = YES;
				CLANG_WARN_SUSPICIOUS_MOVE = YES;
				CLANG_WARN_UNGUARDED_AVAILABILITY = YES_AGGRESSIVE;
				CLANG_WARN_UNREACHABLE_CODE = YES;
				CLANG_WARN__DUPLICATE_METHOD_MATCH = YES;
				COPY_PHASE_STRIP = NO;
				DEBUG_INFORMATION_FORMAT = dwarf;
				ENABLE_STRICT_OBJC_MSGSEND = YES;
				ENABLE_TESTABILITY = YES;
				GCC_C_LANGUAGE_STANDARD = gnu11;
				GCC_DYNAMIC_NO_PIC = NO;
				GCC_NO_COMMON_BLOCKS = YES;
				GCC_OPTIMIZATION_LEVEL = 0;
				GCC_PREPROCESSOR_DEFINITIONS = (
					"DEBUG=1",
					"$(inherited)",
				);
				GCC_WARN_64_TO_32_BIT_CONVERSION = YES;
				GCC_WARN_ABOUT_RETURN_TYPE = YES_ERROR;
				GCC_WARN_UNDECLARED_SELECTOR = YES;
				GCC_WARN_UNINITIALIZED_AUTOS = YES_AGGRESSIVE;
				GCC_WARN_UNUSED_FUNCTION = YES;
				GCC_WARN_UNUSED_VARIABLE = YES;
				IPHONEOS_DEPLOYMENT_TARGET = 14.5;
				MTL_ENABLE_DEBUG_INFO = INCLUDE_SOURCE;
				MTL_FAST_MATH = YES;
				ONLY_ACTIVE_ARCH = YES;
				SDKROOT = iphoneos;
				SWIFT_ACTIVE_COMPILATION_CONDITIONS = DEBUG;
				SWIFT_OPTIMIZATION_LEVEL = "-Onone";
			};
			name = Debug;
		};
		9FEC418326E8E2D000B55299 /* Release */ = {
			isa = XCBuildConfiguration;
			buildSettings = {
				ALWAYS_SEARCH_USER_PATHS = NO;
				CLANG_ANALYZER_NONNULL = YES;
				CLANG_ANALYZER_NUMBER_OBJECT_CONVERSION = YES_AGGRESSIVE;
				CLANG_CXX_LANGUAGE_STANDARD = "gnu++14";
				CLANG_CXX_LIBRARY = "libc++";
				CLANG_ENABLE_MODULES = YES;
				CLANG_ENABLE_OBJC_ARC = YES;
				CLANG_ENABLE_OBJC_WEAK = YES;
				CLANG_WARN_BLOCK_CAPTURE_AUTORELEASING = YES;
				CLANG_WARN_BOOL_CONVERSION = YES;
				CLANG_WARN_COMMA = YES;
				CLANG_WARN_CONSTANT_CONVERSION = YES;
				CLANG_WARN_DEPRECATED_OBJC_IMPLEMENTATIONS = YES;
				CLANG_WARN_DIRECT_OBJC_ISA_USAGE = YES_ERROR;
				CLANG_WARN_DOCUMENTATION_COMMENTS = YES;
				CLANG_WARN_EMPTY_BODY = YES;
				CLANG_WARN_ENUM_CONVERSION = YES;
				CLANG_WARN_INFINITE_RECURSION = YES;
				CLANG_WARN_INT_CONVERSION = YES;
				CLANG_WARN_NON_LITERAL_NULL_CONVERSION = YES;
				CLANG_WARN_OBJC_IMPLICIT_RETAIN_SELF = YES;
				CLANG_WARN_OBJC_LITERAL_CONVERSION = YES;
				CLANG_WARN_OBJC_ROOT_CLASS = YES_ERROR;
				CLANG_WARN_QUOTED_INCLUDE_IN_FRAMEWORK_HEADER = YES;
				CLANG_WARN_RANGE_LOOP_ANALYSIS = YES;
				CLANG_WARN_STRICT_PROTOTYPES = YES;
				CLANG_WARN_SUSPICIOUS_MOVE = YES;
				CLANG_WARN_UNGUARDED_AVAILABILITY = YES_AGGRESSIVE;
				CLANG_WARN_UNREACHABLE_CODE = YES;
				CLANG_WARN__DUPLICATE_METHOD_MATCH = YES;
				COPY_PHASE_STRIP = NO;
				DEBUG_INFORMATION_FORMAT = "dwarf-with-dsym";
				ENABLE_NS_ASSERTIONS = NO;
				ENABLE_STRICT_OBJC_MSGSEND = YES;
				GCC_C_LANGUAGE_STANDARD = gnu11;
				GCC_NO_COMMON_BLOCKS = YES;
				GCC_WARN_64_TO_32_BIT_CONVERSION = YES;
				GCC_WARN_ABOUT_RETURN_TYPE = YES_ERROR;
				GCC_WARN_UNDECLARED_SELECTOR = YES;
				GCC_WARN_UNINITIALIZED_AUTOS = YES_AGGRESSIVE;
				GCC_WARN_UNUSED_FUNCTION = YES;
				GCC_WARN_UNUSED_VARIABLE = YES;
				IPHONEOS_DEPLOYMENT_TARGET = 14.5;
				MTL_ENABLE_DEBUG_INFO = NO;
				MTL_FAST_MATH = YES;
				SDKROOT = iphoneos;
				SWIFT_COMPILATION_MODE = wholemodule;
				SWIFT_OPTIMIZATION_LEVEL = "-O";
				VALIDATE_PRODUCT = YES;
			};
			name = Release;
		};
		9FEC418526E8E2D000B55299 /* Debug */ = {
			isa = XCBuildConfiguration;
			baseConfigurationReference = DF870C7356CAFC3777A38F9F /* Pods-buntan.debug.xcconfig */;
			buildSettings = {
				ASSETCATALOG_COMPILER_APPICON_NAME = AppIcon;
				ASSETCATALOG_COMPILER_GLOBAL_ACCENT_COLOR_NAME = AccentColor;
				CODE_SIGN_STYLE = Automatic;
				DEVELOPMENT_TEAM = 44SQBVTPVY;
				INFOPLIST_FILE = buntan/Info.plist;
				LD_RUNPATH_SEARCH_PATHS = (
					"$(inherited)",
					"@executable_path/Frameworks",
				);
				PRODUCT_BUNDLE_IDENTIFIER = com.naorandd.buntan;
				PRODUCT_NAME = "$(TARGET_NAME)";
				SWIFT_VERSION = 5.0;
				TARGETED_DEVICE_FAMILY = "1,2";
			};
			name = Debug;
		};
		9FEC418626E8E2D000B55299 /* Release */ = {
			isa = XCBuildConfiguration;
			baseConfigurationReference = 204CB05096C6FB6120184E08 /* Pods-buntan.release.xcconfig */;
			buildSettings = {
				ASSETCATALOG_COMPILER_APPICON_NAME = AppIcon;
				ASSETCATALOG_COMPILER_GLOBAL_ACCENT_COLOR_NAME = AccentColor;
				CODE_SIGN_STYLE = Automatic;
				DEVELOPMENT_TEAM = 44SQBVTPVY;
				INFOPLIST_FILE = buntan/Info.plist;
				LD_RUNPATH_SEARCH_PATHS = (
					"$(inherited)",
					"@executable_path/Frameworks",
				);
				PRODUCT_BUNDLE_IDENTIFIER = com.naorandd.buntan;
				PRODUCT_NAME = "$(TARGET_NAME)";
				SWIFT_VERSION = 5.0;
				TARGETED_DEVICE_FAMILY = "1,2";
			};
			name = Release;
		};
/* End XCBuildConfiguration section */

/* Begin XCConfigurationList section */
		9FEC416B26E8E2CB00B55299 /* Build configuration list for PBXProject "buntan" */ = {
			isa = XCConfigurationList;
			buildConfigurations = (
				9FEC418226E8E2D000B55299 /* Debug */,
				9FEC418326E8E2D000B55299 /* Release */,
			);
			defaultConfigurationIsVisible = 0;
			defaultConfigurationName = Release;
		};
		9FEC418426E8E2D000B55299 /* Build configuration list for PBXNativeTarget "buntan" */ = {
			isa = XCConfigurationList;
			buildConfigurations = (
				9FEC418526E8E2D000B55299 /* Debug */,
				9FEC418626E8E2D000B55299 /* Release */,
			);
			defaultConfigurationIsVisible = 0;
			defaultConfigurationName = Release;
		};
/* End XCConfigurationList section */
	};
	rootObject = 9FEC416826E8E2CB00B55299 /* Project object */;
}
